
Microsoft Visual Studio Solution File, Format Version 12.00
# Visual Studio Version 16
VisualStudioVersion = 16.0.30413.136
MinimumVisualStudioVersion = 10.0.40219.1
Project("{FAE04EC0-301F-11D3-BF4B-00C04F79EFBC}") = "Ch02FutureValueEssick", "Ch02FutureValueEssick\Ch02FutureValueEssick.csproj", "{6438D145-E09A-4707-B853-B2E628D5BBDF}"
EndProject
Global
	GlobalSection(SolutionConfigurationPlatforms) = preSolution
		Debug|Any CPU = Debug|Any CPU
		Release|Any CPU = Release|Any CPU
	EndGlobalSection
	GlobalSection(ProjectConfigurationPlatforms) = postSolution
		{6438D145-E09A-4707-B853-B2E628D5BBDF}.Debug|Any CPU.ActiveCfg = Debug|Any CPU
		{6438D145-E09A-4707-B853-B2E628D5BBDF}.Debug|Any CPU.Build.0 = Debug|Any CPU
		{6438D145-E09A-4707-B853-B2E628D5BBDF}.Release|Any CPU.ActiveCfg = Release|Any CPU
		{6438D145-E09A-4707-B853-B2E628D5BBDF}.Release|Any CPU.Build.0 = Release|Any CPU
	EndGlobalSection
	GlobalSection(SolutionProperties) = preSolution
		HideSolutionNode = FALSE
	EndGlobalSection
	GlobalSection(ExtensibilityGlobals) = postSolution
		SolutionGuid = {4FDD3BAB-A299-4900-9F2E-139FC9C15259}
	EndGlobalSection
EndGlobal
